
Microsoft Visual Studio Solution File, Format Version 12.00
Project("{FAE04EC0-301F-11D3-BF4B-00C04F79EFBC}") = "DataAccess", "DataAccess\DataAccess.csproj", "{5E43B563-9C2B-41BF-82F5-AA807EA0CF39}"
EndProject
Project("{FAE04EC0-301F-11D3-BF4B-00C04F79EFBC}") = "Business", "Business\Business.csproj", "{FC690B50-34FD-498D-AEAE-9C81B978207C}"
EndProject
Project("{FAE04EC0-301F-11D3-BF4B-00C04F79EFBC}") = "Entities", "Entities\Entities.csproj", "{90E8FAA7-DF4A-4D09-BA41-5479099D6410}"
EndProject
Project("{FAE04EC0-301F-11D3-BF4B-00C04F79EFBC}") = "ConsoleUI", "ConsoleUI\ConsoleUI.csproj", "{3991EA0D-438A-497E-8406-F341E402FF4A}"
EndProject
Project("{FAE04EC0-301F-11D3-BF4B-00C04F79EFBC}") = "Core", "Core\Core.csproj", "{FDA846AB-877C-41B2-B10B-C996995A55FE}"
EndProject
Project("{FAE04EC0-301F-11D3-BF4B-00C04F79EFBC}") = "WebAPI", "WebAPI\WebAPI.csproj", "{86D9F320-7468-46BA-B790-4E568F0D5C0A}"
EndProject
Global
	GlobalSection(SolutionConfigurationPlatforms) = preSolution
		Debug|Any CPU = Debug|Any CPU
		Release|Any CPU = Release|Any CPU
	EndGlobalSection
	GlobalSection(ProjectConfigurationPlatforms) = postSolution
		{5E43B563-9C2B-41BF-82F5-AA807EA0CF39}.Debug|Any CPU.ActiveCfg = Debug|Any CPU
		{5E43B563-9C2B-41BF-82F5-AA807EA0CF39}.Debug|Any CPU.Build.0 = Debug|Any CPU
		{5E43B563-9C2B-41BF-82F5-AA807EA0CF39}.Release|Any CPU.ActiveCfg = Release|Any CPU
		{5E43B563-9C2B-41BF-82F5-AA807EA0CF39}.Release|Any CPU.Build.0 = Release|Any CPU
		{FC690B50-34FD-498D-AEAE-9C81B978207C}.Debug|Any CPU.ActiveCfg = Debug|Any CPU
		{FC690B50-34FD-498D-AEAE-9C81B978207C}.Debug|Any CPU.Build.0 = Debug|Any CPU
		{FC690B50-34FD-498D-AEAE-9C81B978207C}.Release|Any CPU.ActiveCfg = Release|Any CPU
		{FC690B50-34FD-498D-AEAE-9C81B978207C}.Release|Any CPU.Build.0 = Release|Any CPU
		{90E8FAA7-DF4A-4D09-BA41-5479099D6410}.Debug|Any CPU.ActiveCfg = Debug|Any CPU
		{90E8FAA7-DF4A-4D09-BA41-5479099D6410}.Debug|Any CPU.Build.0 = Debug|Any CPU
		{90E8FAA7-DF4A-4D09-BA41-5479099D6410}.Release|Any CPU.ActiveCfg = Release|Any CPU
		{90E8FAA7-DF4A-4D09-BA41-5479099D6410}.Release|Any CPU.Build.0 = Release|Any CPU
		{3991EA0D-438A-497E-8406-F341E402FF4A}.Debug|Any CPU.ActiveCfg = Debug|Any CPU
		{3991EA0D-438A-497E-8406-F341E402FF4A}.Debug|Any CPU.Build.0 = Debug|Any CPU
		{3991EA0D-438A-497E-8406-F341E402FF4A}.Release|Any CPU.ActiveCfg = Release|Any CPU
		{3991EA0D-438A-497E-8406-F341E402FF4A}.Release|Any CPU.Build.0 = Release|Any CPU
		{FDA846AB-877C-41B2-B10B-C996995A55FE}.Debug|Any CPU.ActiveCfg = Debug|Any CPU
		{FDA846AB-877C-41B2-B10B-C996995A55FE}.Debug|Any CPU.Build.0 = Debug|Any CPU
		{FDA846AB-877C-41B2-B10B-C996995A55FE}.Release|Any CPU.ActiveCfg = Release|Any CPU
		{FDA846AB-877C-41B2-B10B-C996995A55FE}.Release|Any CPU.Build.0 = Release|Any CPU
		{86D9F320-7468-46BA-B790-4E568F0D5C0A}.Debug|Any CPU.ActiveCfg = Debug|Any CPU
		{86D9F320-7468-46BA-B790-4E568F0D5C0A}.Debug|Any CPU.Build.0 = Debug|Any CPU
		{86D9F320-7468-46BA-B790-4E568F0D5C0A}.Release|Any CPU.ActiveCfg = Release|Any CPU
		{86D9F320-7468-46BA-B790-4E568F0D5C0A}.Release|Any CPU.Build.0 = Release|Any CPU
	EndGlobalSection
EndGlobal
